
Microsoft Visual Studio Solution File, Format Version 12.00
# Visual Studio Version 17
VisualStudioVersion = 17.12.35527.113 d17.12
MinimumVisualStudioVersion = 10.0.40219.1
Project("{FAE04EC0-301F-11D3-BF4B-00C04F79EFBC}") = "EnglishTraning", "EnglishTraning\EnglishTraning.csproj", "{5064A927-F01D-4181-9EB4-F23C7CA5EF13}"
EndProject
Global
	GlobalSection(SolutionConfigurationPlatforms) = preSolution
		Debug|Any CPU = Debug|Any CPU
		Release|Any CPU = Release|Any CPU
	EndGlobalSection
	GlobalSection(ProjectConfigurationPlatforms) = postSolution
		{5064A927-F01D-4181-9EB4-F23C7CA5EF13}.Debug|Any CPU.ActiveCfg = Debug|Any CPU
		{5064A927-F01D-4181-9EB4-F23C7CA5EF13}.Debug|Any CPU.Build.0 = Debug|Any CPU
		{5064A927-F01D-4181-9EB4-F23C7CA5EF13}.Release|Any CPU.ActiveCfg = Release|Any CPU
		{5064A927-F01D-4181-9EB4-F23C7CA5EF13}.Release|Any CPU.Build.0 = Release|Any CPU
	EndGlobalSection
	GlobalSection(SolutionProperties) = preSolution
		HideSolutionNode = FALSE
	EndGlobalSection
EndGlobal
